
Microsoft Visual Studio Solution File, Format Version 12.00
# Visual Studio Version 16
VisualStudioVersion = 16.0.30320.27
MinimumVisualStudioVersion = 10.0.40219.1
Project("{FAE04EC0-301F-11D3-BF4B-00C04F79EFBC}") = "Zadanie3", "Zadanie3\Zadanie3.csproj", "{D8BA275C-97C9-4673-BD6B-3A6C06DFBBD3}"
EndProject
Global
	GlobalSection(SolutionConfigurationPlatforms) = preSolution
		Debug|Any CPU = Debug|Any CPU
		Release|Any CPU = Release|Any CPU
	EndGlobalSection
	GlobalSection(ProjectConfigurationPlatforms) = postSolution
		{D8BA275C-97C9-4673-BD6B-3A6C06DFBBD3}.Debug|Any CPU.ActiveCfg = Debug|Any CPU
		{D8BA275C-97C9-4673-BD6B-3A6C06DFBBD3}.Debug|Any CPU.Build.0 = Debug|Any CPU
		{D8BA275C-97C9-4673-BD6B-3A6C06DFBBD3}.Release|Any CPU.ActiveCfg = Release|Any CPU
		{D8BA275C-97C9-4673-BD6B-3A6C06DFBBD3}.Release|Any CPU.Build.0 = Release|Any CPU
	EndGlobalSection
	GlobalSection(SolutionProperties) = preSolution
		HideSolutionNode = FALSE
	EndGlobalSection
	GlobalSection(ExtensibilityGlobals) = postSolution
		SolutionGuid = {8974557E-9100-45F8-BFED-F9CAD712022D}
	EndGlobalSection
EndGlobal
